
Microsoft Visual Studio Solution File, Format Version 12.00
# Visual Studio Version 17
VisualStudioVersion = 17.4.33103.184
MinimumVisualStudioVersion = 10.0.40219.1
Project("{9A19103F-16F7-4668-BE54-9A1E7A4F7556}") = "JourneyPlannerClient", "JourneyPlannerClient.csproj", "{3A0D8982-C1C3-409D-86E3-D83D82F235DA}"
EndProject
Project("{FAE04EC0-301F-11D3-BF4B-00C04F79EFBC}") = "JourneyPlannerClient.Test", "..\TestProject1\JourneyPlannerClient.Test.csproj", "{DC6A9BAD-A859-4EEF-B9DC-F1557083C229}"
EndProject
Global
	GlobalSection(SolutionConfigurationPlatforms) = preSolution
		Debug|Any CPU = Debug|Any CPU
		Release|Any CPU = Release|Any CPU
	EndGlobalSection
	GlobalSection(ProjectConfigurationPlatforms) = postSolution
		{3A0D8982-C1C3-409D-86E3-D83D82F235DA}.Debug|Any CPU.ActiveCfg = Debug|Any CPU
		{3A0D8982-C1C3-409D-86E3-D83D82F235DA}.Debug|Any CPU.Build.0 = Debug|Any CPU
		{3A0D8982-C1C3-409D-86E3-D83D82F235DA}.Release|Any CPU.ActiveCfg = Release|Any CPU
		{3A0D8982-C1C3-409D-86E3-D83D82F235DA}.Release|Any CPU.Build.0 = Release|Any CPU
		{DC6A9BAD-A859-4EEF-B9DC-F1557083C229}.Debug|Any CPU.ActiveCfg = Debug|Any CPU
		{DC6A9BAD-A859-4EEF-B9DC-F1557083C229}.Debug|Any CPU.Build.0 = Debug|Any CPU
		{DC6A9BAD-A859-4EEF-B9DC-F1557083C229}.Release|Any CPU.ActiveCfg = Release|Any CPU
		{DC6A9BAD-A859-4EEF-B9DC-F1557083C229}.Release|Any CPU.Build.0 = Release|Any CPU
	EndGlobalSection
	GlobalSection(SolutionProperties) = preSolution
		HideSolutionNode = FALSE
	EndGlobalSection
	GlobalSection(ExtensibilityGlobals) = postSolution
		SolutionGuid = {8E129166-80B0-4164-AF91-2360206271BB}
	EndGlobalSection
EndGlobal
